
Microsoft Visual Studio Solution File, Format Version 12.00
# Visual Studio Version 16
VisualStudioVersion = 16.0.32228.343
MinimumVisualStudioVersion = 10.0.40219.1
Project("{9A19103F-16F7-4668-BE54-9A1E7A4F7556}") = "DriverHire.Api", "DriverHire\DriverHire.Api.csproj", "{48B6F6A3-9D2D-4DAE-B948-3A4481AFCEEC}"
EndProject
Project("{9A19103F-16F7-4668-BE54-9A1E7A4F7556}") = "DriverHire.Data", "DriverHire.Data\DriverHire.Data.csproj", "{88752534-79BF-494C-AFF6-058EC3B814A0}"
EndProject
Project("{9A19103F-16F7-4668-BE54-9A1E7A4F7556}") = "DriverHire.Repository", "DriverHire.Repository\DriverHire.Repository.csproj", "{02A59844-38E0-47D3-A215-9586F0D0B842}"
EndProject
Project("{9A19103F-16F7-4668-BE54-9A1E7A4F7556}") = "DriverHire.Services", "DriverHire.Services\DriverHire.Services.csproj", "{B1BBF942-BDBD-4A2D-9CC9-86D777941546}"
EndProject
Project("{FAE04EC0-301F-11D3-BF4B-00C04F79EFBC}") = "DriverHire.Entity", "DriverHire.Entity\DriverHire.Entity.csproj", "{731992A9-04EA-49DA-9F7F-689608DF99CD}"
EndProject
Global
	GlobalSection(SolutionConfigurationPlatforms) = preSolution
		Debug|Any CPU = Debug|Any CPU
		Release|Any CPU = Release|Any CPU
	EndGlobalSection
	GlobalSection(ProjectConfigurationPlatforms) = postSolution
		{48B6F6A3-9D2D-4DAE-B948-3A4481AFCEEC}.Debug|Any CPU.ActiveCfg = Debug|Any CPU
		{48B6F6A3-9D2D-4DAE-B948-3A4481AFCEEC}.Debug|Any CPU.Build.0 = Debug|Any CPU
		{48B6F6A3-9D2D-4DAE-B948-3A4481AFCEEC}.Release|Any CPU.ActiveCfg = Release|Any CPU
		{48B6F6A3-9D2D-4DAE-B948-3A4481AFCEEC}.Release|Any CPU.Build.0 = Release|Any CPU
		{88752534-79BF-494C-AFF6-058EC3B814A0}.Debug|Any CPU.ActiveCfg = Debug|Any CPU
		{88752534-79BF-494C-AFF6-058EC3B814A0}.Debug|Any CPU.Build.0 = Debug|Any CPU
		{88752534-79BF-494C-AFF6-058EC3B814A0}.Release|Any CPU.ActiveCfg = Release|Any CPU
		{88752534-79BF-494C-AFF6-058EC3B814A0}.Release|Any CPU.Build.0 = Release|Any CPU
		{02A59844-38E0-47D3-A215-9586F0D0B842}.Debug|Any CPU.ActiveCfg = Debug|Any CPU
		{02A59844-38E0-47D3-A215-9586F0D0B842}.Debug|Any CPU.Build.0 = Debug|Any CPU
		{02A59844-38E0-47D3-A215-9586F0D0B842}.Release|Any CPU.ActiveCfg = Release|Any CPU
		{02A59844-38E0-47D3-A215-9586F0D0B842}.Release|Any CPU.Build.0 = Release|Any CPU
		{B1BBF942-BDBD-4A2D-9CC9-86D777941546}.Debug|Any CPU.ActiveCfg = Debug|Any CPU
		{B1BBF942-BDBD-4A2D-9CC9-86D777941546}.Debug|Any CPU.Build.0 = Debug|Any CPU
		{B1BBF942-BDBD-4A2D-9CC9-86D777941546}.Release|Any CPU.ActiveCfg = Release|Any CPU
		{B1BBF942-BDBD-4A2D-9CC9-86D777941546}.Release|Any CPU.Build.0 = Release|Any CPU
		{731992A9-04EA-49DA-9F7F-689608DF99CD}.Debug|Any CPU.ActiveCfg = Debug|Any CPU
		{731992A9-04EA-49DA-9F7F-689608DF99CD}.Debug|Any CPU.Build.0 = Debug|Any CPU
		{731992A9-04EA-49DA-9F7F-689608DF99CD}.Release|Any CPU.ActiveCfg = Release|Any CPU
		{731992A9-04EA-49DA-9F7F-689608DF99CD}.Release|Any CPU.Build.0 = Release|Any CPU
	EndGlobalSection
	GlobalSection(SolutionProperties) = preSolution
		HideSolutionNode = FALSE
	EndGlobalSection
	GlobalSection(ExtensibilityGlobals) = postSolution
		SolutionGuid = {6CB62AAF-AA13-49FF-A4C7-117D25381C2C}
	EndGlobalSection
EndGlobal
